{
  "lockfileVersion": 1,
  "configVersion": 1,
  "workspaces": {
    "": {
      "name": "@sabdalang/tools",
      "dependencies": {
        "uniast": "github:bolawijen/uniast.ts",
      },
    },
  },
  "packages": {
    "uniast": ["uniast@github:bolawijen/uniast.ts#0a2ca62", {}, "bolawijen-uniast.ts-0a2ca62", "sha512-COwYRnUcWHrkkeNgMqmuy6HApMakVAXAfxDPpHi0/bqdayaYWNTWlldoVGGOObAqBqgMtHFgpZZpIRbb4ReGGA=="],
  }
}
